{
  "version": 4,
  "terraform_version": "1.12.2",
  "serial": 11,
  "lineage": "949078b4-0375-9fc9-3ffc-395143b91227",
  "outputs": {
    "bucket_arn": {
      "value": "arn:aws:s3:::bi-sales-forecasting-uploads-your-unique-suffix",
      "type": "string"
    },
    "bucket_name": {
      "value": "bi-sales-forecasting-uploads-your-unique-suffix",
      "type": "string"
    },
    "instance_profile": {
      "value": "bi-ml-app-instance-profile",
      "type": "string"
    },
    "role_arn": {
      "value": "arn:aws:iam::530512850585:role/bi-ml-app-role",
      "type": "string"
    }
  },
  "resources": [
    {
      "mode": "managed",
      "type": "aws_iam_instance_profile",
      "name": "bi_instance_profile",
      "provider": "provider[\"registry.terraform.io/hashicorp/aws\"]",
      "instances": [
        {
          "schema_version": 0,
          "attributes": {
            "arn": "arn:aws:iam::530512850585:instance-profile/bi-ml-app-instance-profile",
            "create_date": "2025-11-23T19:28:45Z",
            "id": "bi-ml-app-instance-profile",
            "name": "bi-ml-app-instance-profile",
            "name_prefix": "",
            "path": "/",
            "role": "bi-ml-app-role",
            "tags": null,
            "tags_all": {},
            "unique_id": "AIPAXXBIHV2MS7VT6MOKE"
          },
          "sensitive_attributes": [],
          "identity_schema_version": 0,
          "private": "bnVsbA==",
          "dependencies": [
            "aws_iam_role.bi_role"
          ]
        }
      ]
    },
    {
      "mode": "managed",
      "type": "aws_iam_policy",
      "name": "bi_policy",
      "provider": "provider[\"registry.terraform.io/hashicorp/aws\"]",
      "instances": [
        {
          "schema_version": 0,
          "attributes": {
            "arn": "arn:aws:iam::530512850585:policy/bi-app-s3-policy",
            "attachment_count": 0,
            "description": "S3 access policy limited to the BI bucket",
            "id": "arn:aws:iam::530512850585:policy/bi-app-s3-policy",
            "name": "bi-app-s3-policy",
            "name_prefix": "",
            "path": "/",
            "policy": "{\"Statement\":[{\"Action\":[\"s3:ListBucket\"],\"Effect\":\"Allow\",\"Resource\":[\"arn:aws:s3:::bi-sales-forecasting-uploads-your-unique-suffix\"],\"Sid\":\"ListBucket\"},{\"Action\":[\"s3:GetObject\",\"s3:PutObject\",\"s3:DeleteObject\"],\"Effect\":\"Allow\",\"Resource\":[\"arn:aws:s3:::bi-sales-forecasting-uploads-your-unique-suffix/*\"],\"Sid\":\"ObjectActions\"}],\"Version\":\"2012-10-17\"}",
            "policy_id": "ANPAXXBIHV2M3OSVV3LSK",
            "tags": null,
            "tags_all": {}
          },
          "sensitive_attributes": [],
          "identity_schema_version": 0,
          "identity": {
            "arn": "arn:aws:iam::530512850585:policy/bi-app-s3-policy"
          },
          "private": "bnVsbA==",
          "dependencies": [
            "aws_s3_bucket.bi_bucket"
          ]
        }
      ]
    },
    {
      "mode": "managed",
      "type": "aws_iam_role",
      "name": "bi_role",
      "provider": "provider[\"registry.terraform.io/hashicorp/aws\"]",
      "instances": [
        {
          "schema_version": 0,
          "attributes": {
            "arn": "arn:aws:iam::530512850585:role/bi-ml-app-role",
            "assume_role_policy": "{\"Statement\":[{\"Action\":\"sts:AssumeRole\",\"Effect\":\"Allow\",\"Principal\":{\"Service\":\"ec2.amazonaws.com\"}}],\"Version\":\"2012-10-17\"}",
            "create_date": "2025-11-23T19:28:43Z",
            "description": "",
            "force_detach_policies": false,
            "id": "bi-ml-app-role",
            "inline_policy": [],
            "managed_policy_arns": [],
            "max_session_duration": 3600,
            "name": "bi-ml-app-role",
            "name_prefix": "",
            "path": "/",
            "permissions_boundary": "",
            "tags": {
              "Project": "bi-sales-forecasting"
            },
            "tags_all": {
              "Project": "bi-sales-forecasting"
            },
            "unique_id": "AROAXXBIHV2MR4CEU4IOX"
          },
          "sensitive_attributes": [],
          "identity_schema_version": 0,
          "identity": {
            "account_id": "530512850585",
            "name": "bi-ml-app-role"
          },
          "private": "bnVsbA=="
        }
      ]
    },
    {
      "mode": "managed",
      "type": "aws_iam_role_policy_attachment",
      "name": "attach_policy",
      "provider": "provider[\"registry.terraform.io/hashicorp/aws\"]",
      "instances": [
        {
          "schema_version": 0,
          "attributes": {
            "id": "bi-ml-app-role/arn:aws:iam::530512850585:policy/bi-app-s3-policy",
            "policy_arn": "arn:aws:iam::530512850585:policy/bi-app-s3-policy",
            "role": "bi-ml-app-role"
          },
          "sensitive_attributes": [],
          "identity_schema_version": 0,
          "identity": {
            "account_id": "530512850585",
            "policy_arn": "arn:aws:iam::530512850585:policy/bi-app-s3-policy",
            "role": "bi-ml-app-role"
          },
          "private": "bnVsbA==",
          "dependencies": [
            "aws_iam_policy.bi_policy",
            "aws_iam_role.bi_role",
            "aws_s3_bucket.bi_bucket"
          ]
        }
      ]
    },
    {
      "mode": "managed",
      "type": "aws_s3_bucket",
      "name": "bi_bucket",
      "provider": "provider[\"registry.terraform.io/hashicorp/aws\"]",
      "instances": [
        {
          "schema_version": 0,
          "attributes": {
            "acceleration_status": "",
            "acl": null,
            "arn": "arn:aws:s3:::bi-sales-forecasting-uploads-your-unique-suffix",
            "bucket": "bi-sales-forecasting-uploads-your-unique-suffix",
            "bucket_domain_name": "bi-sales-forecasting-uploads-your-unique-suffix.s3.amazonaws.com",
            "bucket_prefix": "",
            "bucket_region": "ap-south-1",
            "bucket_regional_domain_name": "bi-sales-forecasting-uploads-your-unique-suffix.s3.ap-south-1.amazonaws.com",
            "cors_rule": [],
            "force_destroy": true,
            "grant": [
              {
                "id": "a439f3c804a57f1cdd5f086488e3cf34a4b68d48567d6812037a0164ffff236e",
                "permissions": [
                  "FULL_CONTROL"
                ],
                "type": "CanonicalUser",
                "uri": ""
              }
            ],
            "hosted_zone_id": "Z11RGJOFQNVJUP",
            "id": "bi-sales-forecasting-uploads-your-unique-suffix",
            "lifecycle_rule": [],
            "logging": [],
            "object_lock_configuration": [],
            "object_lock_enabled": false,
            "policy": "",
            "region": "ap-south-1",
            "replication_configuration": [],
            "request_payer": "BucketOwner",
            "server_side_encryption_configuration": [
              {
                "rule": [
                  {
                    "apply_server_side_encryption_by_default": [
                      {
                        "kms_master_key_id": "",
                        "sse_algorithm": "AES256"
                      }
                    ],
                    "bucket_key_enabled": false
                  }
                ]
              }
            ],
            "tags": null,
            "tags_all": {},
            "timeouts": null,
            "versioning": [
              {
                "enabled": false,
                "mfa_delete": false
              }
            ],
            "website": [],
            "website_domain": null,
            "website_endpoint": null
          },
          "sensitive_attributes": [],
          "identity_schema_version": 0,
          "identity": {
            "account_id": "530512850585",
            "bucket": "bi-sales-forecasting-uploads-your-unique-suffix",
            "region": "ap-south-1"
          },
          "private": "eyJlMmJmYjczMC1lY2FhLTExZTYtOGY4OC0zNDM2M2JjN2M0YzAiOnsiY3JlYXRlIjoxMjAwMDAwMDAwMDAwLCJkZWxldGUiOjM2MDAwMDAwMDAwMDAsInJlYWQiOjEyMDAwMDAwMDAwMDAsInVwZGF0ZSI6MTIwMDAwMDAwMDAwMH19"
        }
      ]
    },
    {
      "mode": "managed",
      "type": "aws_s3_bucket_lifecycle_configuration",
      "name": "lifecycle",
      "provider": "provider[\"registry.terraform.io/hashicorp/aws\"]",
      "instances": [
        {
          "schema_version": 1,
          "attributes": {
            "bucket": "bi-sales-forecasting-uploads-your-unique-suffix",
            "expected_bucket_owner": "",
            "id": "bi-sales-forecasting-uploads-your-unique-suffix",
            "region": "ap-south-1",
            "rule": [
              {
                "abort_incomplete_multipart_upload": [],
                "expiration": [],
                "filter": [],
                "id": "expire-noncurrent-versions",
                "noncurrent_version_expiration": [
                  {
                    "newer_noncurrent_versions": null,
                    "noncurrent_days": 365
                  }
                ],
                "noncurrent_version_transition": [],
                "prefix": "",
                "status": "Enabled",
                "transition": []
              }
            ],
            "timeouts": null,
            "transition_default_minimum_object_size": "all_storage_classes_128K"
          },
          "sensitive_attributes": [],
          "identity_schema_version": 0,
          "dependencies": [
            "aws_s3_bucket.bi_bucket"
          ]
        }
      ]
    },
    {
      "mode": "managed",
      "type": "aws_s3_bucket_public_access_block",
      "name": "block_public",
      "provider": "provider[\"registry.terraform.io/hashicorp/aws\"]",
      "instances": [
        {
          "schema_version": 0,
          "attributes": {
            "block_public_acls": true,
            "block_public_policy": true,
            "bucket": "bi-sales-forecasting-uploads-your-unique-suffix",
            "id": "bi-sales-forecasting-uploads-your-unique-suffix",
            "ignore_public_acls": true,
            "region": "ap-south-1",
            "restrict_public_buckets": true,
            "skip_destroy": null
          },
          "sensitive_attributes": [],
          "identity_schema_version": 0,
          "identity": {
            "account_id": "530512850585",
            "bucket": "bi-sales-forecasting-uploads-your-unique-suffix",
            "region": "ap-south-1"
          },
          "private": "bnVsbA==",
          "dependencies": [
            "aws_s3_bucket.bi_bucket"
          ]
        }
      ]
    },
    {
      "mode": "managed",
      "type": "aws_s3_bucket_server_side_encryption_configuration",
      "name": "sse",
      "provider": "provider[\"registry.terraform.io/hashicorp/aws\"]",
      "instances": [
        {
          "schema_version": 0,
          "attributes": {
            "bucket": "bi-sales-forecasting-uploads-your-unique-suffix",
            "expected_bucket_owner": "",
            "id": "bi-sales-forecasting-uploads-your-unique-suffix",
            "region": "ap-south-1",
            "rule": [
              {
                "apply_server_side_encryption_by_default": [
                  {
                    "kms_master_key_id": "",
                    "sse_algorithm": "AES256"
                  }
                ],
                "blocked_encryption_types": [],
                "bucket_key_enabled": null
              }
            ]
          },
          "sensitive_attributes": [],
          "identity_schema_version": 0,
          "identity": {
            "account_id": "530512850585",
            "bucket": "bi-sales-forecasting-uploads-your-unique-suffix",
            "expected_bucket_owner": null,
            "region": "ap-south-1"
          },
          "private": "bnVsbA==",
          "dependencies": [
            "aws_s3_bucket.bi_bucket"
          ]
        }
      ]
    },
    {
      "mode": "managed",
      "type": "aws_s3_bucket_versioning",
      "name": "versioning",
      "provider": "provider[\"registry.terraform.io/hashicorp/aws\"]",
      "instances": [
        {
          "schema_version": 0,
          "attributes": {
            "bucket": "bi-sales-forecasting-uploads-your-unique-suffix",
            "expected_bucket_owner": "",
            "id": "bi-sales-forecasting-uploads-your-unique-suffix",
            "mfa": null,
            "region": "ap-south-1",
            "versioning_configuration": [
              {
                "mfa_delete": "",
                "status": "Enabled"
              }
            ]
          },
          "sensitive_attributes": [],
          "identity_schema_version": 0,
          "identity": {
            "account_id": "530512850585",
            "bucket": "bi-sales-forecasting-uploads-your-unique-suffix",
            "expected_bucket_owner": null,
            "region": "ap-south-1"
          },
          "private": "bnVsbA==",
          "dependencies": [
            "aws_s3_bucket.bi_bucket"
          ]
        }
      ]
    }
  ],
  "check_results": null
}
